
Microsoft Visual Studio Solution File, Format Version 12.00
# Visual Studio Version 16
VisualStudioVersion = 16.0.31911.196
MinimumVisualStudioVersion = 10.0.40219.1
Project("{FAE04EC0-301F-11D3-BF4B-00C04F79EFBC}") = "eczaneDb", "eczaneDb\eczaneDb.csproj", "{2482146A-6795-4E4F-AC45-451F9CBA505B}"
EndProject
Global
	GlobalSection(SolutionConfigurationPlatforms) = preSolution
		Debug|Any CPU = Debug|Any CPU
		Release|Any CPU = Release|Any CPU
	EndGlobalSection
	GlobalSection(ProjectConfigurationPlatforms) = postSolution
		{2482146A-6795-4E4F-AC45-451F9CBA505B}.Debug|Any CPU.ActiveCfg = Debug|Any CPU
		{2482146A-6795-4E4F-AC45-451F9CBA505B}.Debug|Any CPU.Build.0 = Debug|Any CPU
		{2482146A-6795-4E4F-AC45-451F9CBA505B}.Release|Any CPU.ActiveCfg = Release|Any CPU
		{2482146A-6795-4E4F-AC45-451F9CBA505B}.Release|Any CPU.Build.0 = Release|Any CPU
	EndGlobalSection
	GlobalSection(SolutionProperties) = preSolution
		HideSolutionNode = FALSE
	EndGlobalSection
	GlobalSection(ExtensibilityGlobals) = postSolution
		SolutionGuid = {05DF1056-F8FC-4C95-9393-804C21F4598C}
	EndGlobalSection
EndGlobal
